
Microsoft Visual Studio Solution File, Format Version 12.00
# Visual Studio Version 17
VisualStudioVersion = 17.0.31903.59
MinimumVisualStudioVersion = 10.0.40219.1
Project("{FAE04EC0-301F-11D3-BF4B-00C04F79EFBC}") = "SimpleFileClipper.Lib", "SimpleFileClipper.Lib\SimpleFileClipper.Lib.csproj", "{EDD13AEC-07A3-4EF2-AA6D-66E2D9970F90}"
EndProject
Project("{FAE04EC0-301F-11D3-BF4B-00C04F79EFBC}") = "SimpleFileClipper.WPFApp", "SimpleFileClipper.WPFApp\SimpleFileClipper.WPFApp.csproj", "{F318B7C8-F8D4-4C8E-98EF-AA11225EEBEF}"
EndProject
Project("{FAE04EC0-301F-11D3-BF4B-00C04F79EFBC}") = "SimpleFileClipper.ConsoleApp", "SimpleFileClipper.ConsoleApp\SimpleFileClipper.ConsoleApp.csproj", "{166EA972-F7E5-469B-9ABB-9E1EA53CE577}"
EndProject
Global
	GlobalSection(SolutionConfigurationPlatforms) = preSolution
		Debug|Any CPU = Debug|Any CPU
		Debug|x64 = Debug|x64
		Debug|x86 = Debug|x86
		Release|Any CPU = Release|Any CPU
		Release|x64 = Release|x64
		Release|x86 = Release|x86
	EndGlobalSection
	GlobalSection(ProjectConfigurationPlatforms) = postSolution
		{EDD13AEC-07A3-4EF2-AA6D-66E2D9970F90}.Debug|Any CPU.ActiveCfg = Debug|Any CPU
		{EDD13AEC-07A3-4EF2-AA6D-66E2D9970F90}.Debug|Any CPU.Build.0 = Debug|Any CPU
		{EDD13AEC-07A3-4EF2-AA6D-66E2D9970F90}.Debug|x64.ActiveCfg = Debug|Any CPU
		{EDD13AEC-07A3-4EF2-AA6D-66E2D9970F90}.Debug|x64.Build.0 = Debug|Any CPU
		{EDD13AEC-07A3-4EF2-AA6D-66E2D9970F90}.Debug|x86.ActiveCfg = Debug|Any CPU
		{EDD13AEC-07A3-4EF2-AA6D-66E2D9970F90}.Debug|x86.Build.0 = Debug|Any CPU
		{EDD13AEC-07A3-4EF2-AA6D-66E2D9970F90}.Release|Any CPU.ActiveCfg = Release|Any CPU
		{EDD13AEC-07A3-4EF2-AA6D-66E2D9970F90}.Release|Any CPU.Build.0 = Release|Any CPU
		{EDD13AEC-07A3-4EF2-AA6D-66E2D9970F90}.Release|x64.ActiveCfg = Release|Any CPU
		{EDD13AEC-07A3-4EF2-AA6D-66E2D9970F90}.Release|x64.Build.0 = Release|Any CPU
		{EDD13AEC-07A3-4EF2-AA6D-66E2D9970F90}.Release|x86.ActiveCfg = Release|Any CPU
		{EDD13AEC-07A3-4EF2-AA6D-66E2D9970F90}.Release|x86.Build.0 = Release|Any CPU
		{F318B7C8-F8D4-4C8E-98EF-AA11225EEBEF}.Debug|Any CPU.ActiveCfg = Debug|Any CPU
		{F318B7C8-F8D4-4C8E-98EF-AA11225EEBEF}.Debug|Any CPU.Build.0 = Debug|Any CPU
		{F318B7C8-F8D4-4C8E-98EF-AA11225EEBEF}.Debug|x64.ActiveCfg = Debug|Any CPU
		{F318B7C8-F8D4-4C8E-98EF-AA11225EEBEF}.Debug|x64.Build.0 = Debug|Any CPU
		{F318B7C8-F8D4-4C8E-98EF-AA11225EEBEF}.Debug|x86.ActiveCfg = Debug|Any CPU
		{F318B7C8-F8D4-4C8E-98EF-AA11225EEBEF}.Debug|x86.Build.0 = Debug|Any CPU
		{F318B7C8-F8D4-4C8E-98EF-AA11225EEBEF}.Release|Any CPU.ActiveCfg = Release|Any CPU
		{F318B7C8-F8D4-4C8E-98EF-AA11225EEBEF}.Release|Any CPU.Build.0 = Release|Any CPU
		{F318B7C8-F8D4-4C8E-98EF-AA11225EEBEF}.Release|x64.ActiveCfg = Release|Any CPU
		{F318B7C8-F8D4-4C8E-98EF-AA11225EEBEF}.Release|x64.Build.0 = Release|Any CPU
		{F318B7C8-F8D4-4C8E-98EF-AA11225EEBEF}.Release|x86.ActiveCfg = Release|Any CPU
		{F318B7C8-F8D4-4C8E-98EF-AA11225EEBEF}.Release|x86.Build.0 = Release|Any CPU
		{166EA972-F7E5-469B-9ABB-9E1EA53CE577}.Debug|Any CPU.ActiveCfg = Debug|Any CPU
		{166EA972-F7E5-469B-9ABB-9E1EA53CE577}.Debug|Any CPU.Build.0 = Debug|Any CPU
		{166EA972-F7E5-469B-9ABB-9E1EA53CE577}.Debug|x64.ActiveCfg = Debug|Any CPU
		{166EA972-F7E5-469B-9ABB-9E1EA53CE577}.Debug|x64.Build.0 = Debug|Any CPU
		{166EA972-F7E5-469B-9ABB-9E1EA53CE577}.Debug|x86.ActiveCfg = Debug|Any CPU
		{166EA972-F7E5-469B-9ABB-9E1EA53CE577}.Debug|x86.Build.0 = Debug|Any CPU
		{166EA972-F7E5-469B-9ABB-9E1EA53CE577}.Release|Any CPU.ActiveCfg = Release|Any CPU
		{166EA972-F7E5-469B-9ABB-9E1EA53CE577}.Release|Any CPU.Build.0 = Release|Any CPU
		{166EA972-F7E5-469B-9ABB-9E1EA53CE577}.Release|x64.ActiveCfg = Release|Any CPU
		{166EA972-F7E5-469B-9ABB-9E1EA53CE577}.Release|x64.Build.0 = Release|Any CPU
		{166EA972-F7E5-469B-9ABB-9E1EA53CE577}.Release|x86.ActiveCfg = Release|Any CPU
		{166EA972-F7E5-469B-9ABB-9E1EA53CE577}.Release|x86.Build.0 = Release|Any CPU
	EndGlobalSection
	GlobalSection(SolutionProperties) = preSolution
		HideSolutionNode = FALSE
	EndGlobalSection
EndGlobal
